{
    "_readme": [
        "This file locks the dependencies of your project to a known state",
        "Read more about it at https://getcomposer.org/doc/01-basic-usage.md#composer-lock-the-lock-file",
        "This file is @generated automatically"
    ],
    "content-hash": "4cdfc6f071a91e618fc771ee7a064cf3",
    "packages": [
        {
            "name": "amphp/amp",
            "version": "v1.2.2",
            "source": {
                "type": "git",
                "url": "https://github.com/amphp/amp.git",
                "reference": "4f2161da5f68f274f116985635aea63b5c0f54d2"
            },
            "dist": {
                "type": "zip",
                "url": "https://api.github.com/repos/amphp/amp/zipball/4f2161da5f68f274f116985635aea63b5c0f54d2",
                "reference": "4f2161da5f68f274f116985635aea63b5c0f54d2",
                "shasum": ""
            },
            "require": {
                "php": ">=5.5"
            },
            "require-dev": {
                "fabpot/php-cs-fixer": "~1.9",
                "phpunit/phpunit": "~4.8"
            },
            "type": "library",
            "extra": {
                "branch-alias": {
                    "dev-master": "1.0.x-dev"
                }
            },
            "autoload": {
                "psr-4": {
                    "Amp\\": "lib/"
                },
                "files": [
                    "lib/functions.php"
                ]
            },
            "notification-url": "https://packagist.org/downloads/",
            "license": [
                "MIT"
            ],
            "authors": [
                {
                    "name": "Daniel Lowrey",
                    "email": "rdlowrey@php.net",
                    "role": "Creator / Lead Developer"
                }
            ],
            "description": "A non-blocking concurrency framework for PHP applications",
            "homepage": "https://github.com/amphp/amp",
            "keywords": [
                "async",
                "concurrency",
                "event",
                "non-blocking",
                "promise"
            ],
            "time": "2016-05-12T12:54:59+00:00"
        },
        {
            "name": "dto/dto",
            "version": "3.2.6",
            "source": {
                "type": "git",
                "url": "https://github.com/fireproofsocks/dto.git",
                "reference": "c8773c7ba6e5b8d2d460f8e9e78b9d6682ba4143"
            },
            "dist": {
                "type": "zip",
                "url": "https://api.github.com/repos/fireproofsocks/dto/zipball/c8773c7ba6e5b8d2d460f8e9e78b9d6682ba4143",
                "reference": "c8773c7ba6e5b8d2d460f8e9e78b9d6682ba4143",
                "shasum": ""
            },
            "require": {
                "php": ">=5.5.9",
                "pimple/pimple": "^3.0"
            },
            "require-dev": {
                "mockery/mockery": "^0.9.7",
                "phpunit/phpunit": "5.7.8"
            },
            "type": "library",
            "autoload": {
                "psr-4": {
                    "Dto\\": "src/"
                }
            },
            "notification-url": "https://packagist.org/downloads/",
            "license": [
                "MIT"
            ],
            "description": "Use the JSON Schema spec to define Data Transfer Objects (DTOs)",
            "time": "2017-06-21T18:44:15+00:00"
        },
        {
            "name": "erhuo/wxpay",
            "version": "dev-master",
            "source": {
                "type": "git",
                "url": "https://github.com/houtaijun/wxpay.git",
                "reference": "8de6d51f329e0dd509f9ab4e48cb0b72bcf4e76a"
            },
            "dist": {
                "type": "zip",
                "url": "https://api.github.com/repos/houtaijun/wxpay/zipball/8de6d51f329e0dd509f9ab4e48cb0b72bcf4e76a",
                "reference": "8de6d51f329e0dd509f9ab4e48cb0b72bcf4e76a",
                "shasum": ""
            },
            "require": {
                "php": ">=5.4.0"
            },
            "type": "project",
            "autoload": {
                "psr-4": {
                    "wxpay\\": "src/"
                }
            },
            "notification-url": "https://packagist.org/downloads/",
            "license": [
                "Apache-2.0"
            ],
            "description": "微信支付JSAPI",
            "keywords": [
                "Wxpay"
            ],
            "time": "2018-02-08T18:24:01+00:00"
        },
        {
            "name": "firebase/php-jwt",
            "version": "dev-master",
            "source": {
                "type": "git",
                "url": "https://github.com/firebase/php-jwt.git",
                "reference": "bac0422822b92fe7a0ed1fc7b1b633d9efa37bae"
            },
            "dist": {
                "type": "zip",
                "url": "https://api.github.com/repos/firebase/php-jwt/zipball/bac0422822b92fe7a0ed1fc7b1b633d9efa37bae",
                "reference": "bac0422822b92fe7a0ed1fc7b1b633d9efa37bae",
                "shasum": ""
            },
            "require": {
                "php": ">=5.3.0"
            },
            "require-dev": {
                "phpunit/phpunit": " 4.8.35"
            },
            "type": "library",
            "autoload": {
                "psr-4": {
                    "Firebase\\JWT\\": "src"
                }
            },
            "notification-url": "https://packagist.org/downloads/",
            "license": [
                "BSD-3-Clause"
            ],
            "authors": [
                {
                    "name": "Neuman Vong",
                    "email": "neuman+pear@twilio.com",
                    "role": "Developer"
                },
                {
                    "name": "Anant Narayanan",
                    "email": "anant@php.net",
                    "role": "Developer"
                }
            ],
            "description": "A simple library to encode and decode JSON Web Tokens (JWT) in PHP. Should conform to the current spec.",
            "homepage": "https://github.com/firebase/php-jwt",
            "time": "2018-01-26T19:13:29+00:00"
        },
        {
            "name": "hightman/xunsearch",
            "version": "dev-master",
            "source": {
                "type": "git",
                "url": "https://github.com/hightman/xs-sdk-php.git",
                "reference": "d3eb5e1297146b447f9c72b83f5986b2411620e4"
            },
            "dist": {
                "type": "zip",
                "url": "https://api.github.com/repos/hightman/xs-sdk-php/zipball/d3eb5e1297146b447f9c72b83f5986b2411620e4",
                "reference": "d3eb5e1297146b447f9c72b83f5986b2411620e4",
                "shasum": ""
            },
            "require": {
                "ext-mbstring": "*",
                "lib-pcre": "*",
                "php": ">=5.3.0"
            },
            "bin": [
                "util/xs"
            ],
            "type": "library",
            "extra": {
                "branch-alias": {
                    "dev-master": "1.4.x-dev"
                }
            },
            "autoload": {
                "classmap": [
                    "lib/",
                    "wrapper/yii-ext/"
                ],
                "psr-4": {
                    "hightman\\xunsearch\\": "wrapper/yii2-ext/"
                }
            },
            "notification-url": "https://packagist.org/downloads/",
            "license": [
                "GPL-2.0+"
            ],
            "authors": [
                {
                    "name": "hightman",
                    "email": "hightman@twomice.net",
                    "role": "Founder and project leader"
                }
            ],
            "description": "xunsearch php sdk, include yii, yii2 supports",
            "homepage": "http://www.xunsearch.com/",
            "keywords": [
                "search engine",
                "xunsearch",
                "yii",
                "yii2"
            ],
            "time": "2017-12-06T14:54:09+00:00"
        },
        {
            "name": "nmred/kafka-php",
            "version": "v0.2.0.8",
            "source": {
                "type": "git",
                "url": "https://github.com/weiboad/kafka-php.git",
                "reference": "d5b395aeb9d069dce49fc1dceff0a6f45750d981"
            },
            "dist": {
                "type": "zip",
                "url": "https://api.github.com/repos/weiboad/kafka-php/zipball/d5b395aeb9d069dce49fc1dceff0a6f45750d981",
                "reference": "d5b395aeb9d069dce49fc1dceff0a6f45750d981",
                "shasum": ""
            },
            "require": {
                "amphp/amp": "v1.2.2",
                "php": ">=5.5",
                "psr/log": "1.0.2"
            },
            "require-dev": {
                "kmelia/monolog-stdout-handler": "1.2.1",
                "monolog/monolog": "1.22.1",
                "phpunit/phpcov": "*",
                "phpunit/phpunit": "~4.0",
                "satooshi/php-coveralls": "dev-master"
            },
            "type": "library",
            "autoload": {
                "psr-0": {
                    "Kafka\\": "src/"
                }
            },
            "notification-url": "https://packagist.org/downloads/",
            "license": [
                "BSD-3-Clause"
            ],
            "description": "Kafka client for php",
            "homepage": "http://www.swanlinux.net",
            "keywords": [
                "client",
                "kafka"
            ],
            "time": "2017-10-23T09:33:08+00:00"
        },
        {
            "name": "phpmailer/phpmailer",
            "version": "v6.0.5",
            "source": {
                "type": "git",
                "url": "https://github.com/PHPMailer/PHPMailer.git",
                "reference": "cb3ea134d4d3729e7857737d5f320cce9caf4d32"
            },
            "dist": {
                "type": "zip",
                "url": "https://api.github.com/repos/PHPMailer/PHPMailer/zipball/cb3ea134d4d3729e7857737d5f320cce9caf4d32",
                "reference": "cb3ea134d4d3729e7857737d5f320cce9caf4d32",
                "shasum": ""
            },
            "require": {
                "ext-ctype": "*",
                "ext-filter": "*",
                "php": ">=5.5.0"
            },
            "require-dev": {
                "doctrine/annotations": "1.2.*",
                "friendsofphp/php-cs-fixer": "^2.2",
                "phpdocumentor/phpdocumentor": "2.*",
                "phpunit/phpunit": "^4.8 || ^5.7",
                "zendframework/zend-eventmanager": "3.0.*",
                "zendframework/zend-i18n": "2.7.3",
                "zendframework/zend-serializer": "2.7.*"
            },
            "suggest": {
                "ext-mbstring": "Needed to send email in multibyte encoding charset",
                "hayageek/oauth2-yahoo": "Needed for Yahoo XOAUTH2 authentication",
                "league/oauth2-google": "Needed for Google XOAUTH2 authentication",
                "psr/log": "For optional PSR-3 debug logging",
                "stevenmaguire/oauth2-microsoft": "Needed for Microsoft XOAUTH2 authentication",
                "symfony/polyfill-mbstring": "To support UTF-8 if the Mbstring PHP extension is not enabled (^1.2)"
            },
            "type": "library",
            "autoload": {
                "psr-4": {
                    "PHPMailer\\PHPMailer\\": "src/"
                }
            },
            "notification-url": "https://packagist.org/downloads/",
            "license": [
                "LGPL-2.1"
            ],
            "authors": [
                {
                    "name": "Jim Jagielski",
                    "email": "jimjag@gmail.com"
                },
                {
                    "name": "Marcus Bointon",
                    "email": "phpmailer@synchromedia.co.uk"
                },
                {
                    "name": "Andy Prevost",
                    "email": "codeworxtech@users.sourceforge.net"
                },
                {
                    "name": "Brent R. Matzelle"
                }
            ],
            "description": "PHPMailer is a full-featured email creation and transfer class for PHP",
            "time": "2018-03-27T13:49:45+00:00"
        },
        {
            "name": "pimple/pimple",
            "version": "v3.2.3",
            "source": {
                "type": "git",
                "url": "https://github.com/silexphp/Pimple.git",
                "reference": "9e403941ef9d65d20cba7d54e29fe906db42cf32"
            },
            "dist": {
                "type": "zip",
                "url": "https://api.github.com/repos/silexphp/Pimple/zipball/9e403941ef9d65d20cba7d54e29fe906db42cf32",
                "reference": "9e403941ef9d65d20cba7d54e29fe906db42cf32",
                "shasum": ""
            },
            "require": {
                "php": ">=5.3.0",
                "psr/container": "^1.0"
            },
            "require-dev": {
                "symfony/phpunit-bridge": "^3.2"
            },
            "type": "library",
            "extra": {
                "branch-alias": {
                    "dev-master": "3.2.x-dev"
                }
            },
            "autoload": {
                "psr-0": {
                    "Pimple": "src/"
                }
            },
            "notification-url": "https://packagist.org/downloads/",
            "license": [
                "MIT"
            ],
            "authors": [
                {
                    "name": "Fabien Potencier",
                    "email": "fabien@symfony.com"
                }
            ],
            "description": "Pimple, a simple Dependency Injection Container",
            "homepage": "http://pimple.sensiolabs.org",
            "keywords": [
                "container",
                "dependency injection"
            ],
            "time": "2018-01-21T07:42:36+00:00"
        },
        {
            "name": "psr/container",
            "version": "1.0.0",
            "source": {
                "type": "git",
                "url": "https://github.com/php-fig/container.git",
                "reference": "b7ce3b176482dbbc1245ebf52b181af44c2cf55f"
            },
            "dist": {
                "type": "zip",
                "url": "https://api.github.com/repos/php-fig/container/zipball/b7ce3b176482dbbc1245ebf52b181af44c2cf55f",
                "reference": "b7ce3b176482dbbc1245ebf52b181af44c2cf55f",
                "shasum": ""
            },
            "require": {
                "php": ">=5.3.0"
            },
            "type": "library",
            "extra": {
                "branch-alias": {
                    "dev-master": "1.0.x-dev"
                }
            },
            "autoload": {
                "psr-4": {
                    "Psr\\Container\\": "src/"
                }
            },
            "notification-url": "https://packagist.org/downloads/",
            "license": [
                "MIT"
            ],
            "authors": [
                {
                    "name": "PHP-FIG",
                    "homepage": "http://www.php-fig.org/"
                }
            ],
            "description": "Common Container Interface (PHP FIG PSR-11)",
            "homepage": "https://github.com/php-fig/container",
            "keywords": [
                "PSR-11",
                "container",
                "container-interface",
                "container-interop",
                "psr"
            ],
            "time": "2017-02-14T16:28:37+00:00"
        },
        {
            "name": "psr/log",
            "version": "1.0.2",
            "source": {
                "type": "git",
                "url": "https://github.com/php-fig/log.git",
                "reference": "4ebe3a8bf773a19edfe0a84b6585ba3d401b724d"
            },
            "dist": {
                "type": "zip",
                "url": "https://api.github.com/repos/php-fig/log/zipball/4ebe3a8bf773a19edfe0a84b6585ba3d401b724d",
                "reference": "4ebe3a8bf773a19edfe0a84b6585ba3d401b724d",
                "shasum": ""
            },
            "require": {
                "php": ">=5.3.0"
            },
            "type": "library",
            "extra": {
                "branch-alias": {
                    "dev-master": "1.0.x-dev"
                }
            },
            "autoload": {
                "psr-4": {
                    "Psr\\Log\\": "Psr/Log/"
                }
            },
            "notification-url": "https://packagist.org/downloads/",
            "license": [
                "MIT"
            ],
            "authors": [
                {
                    "name": "PHP-FIG",
                    "homepage": "http://www.php-fig.org/"
                }
            ],
            "description": "Common interface for logging libraries",
            "homepage": "https://github.com/php-fig/log",
            "keywords": [
                "log",
                "psr",
                "psr-3"
            ],
            "time": "2016-10-10T12:19:37+00:00"
        },
        {
            "name": "qcloudsms/qcloudsms_php",
            "version": "v0.1.3",
            "source": {
                "type": "git",
                "url": "https://github.com/qcloudsms/qcloudsms_php.git",
                "reference": "0091f1811ce88826aea4401db38e8e887648c403"
            },
            "dist": {
                "type": "zip",
                "url": "https://api.github.com/repos/qcloudsms/qcloudsms_php/zipball/0091f1811ce88826aea4401db38e8e887648c403",
                "reference": "0091f1811ce88826aea4401db38e8e887648c403",
                "shasum": ""
            },
            "require-dev": {
                "sami/sami": "dev-master"
            },
            "type": "library",
            "autoload": {
                "psr-4": {
                    "Qcloud\\Sms\\": "src/"
                }
            },
            "notification-url": "https://packagist.org/downloads/",
            "license": [
                "MIT"
            ],
            "description": "qcloud sms php sdk",
            "keywords": [
                "php",
                "qcloud",
                "sdk",
                "sms"
            ],
            "time": "2018-06-29T04:24:17+00:00"
        },
        {
            "name": "qiniu/php-sdk",
            "version": "v7.2.6",
            "source": {
                "type": "git",
                "url": "https://github.com/qiniu/php-sdk.git",
                "reference": "305ce1c1c0c71f794661fe45a96facf61ef96c5d"
            },
            "dist": {
                "type": "zip",
                "url": "https://api.github.com/repos/qiniu/php-sdk/zipball/305ce1c1c0c71f794661fe45a96facf61ef96c5d",
                "reference": "305ce1c1c0c71f794661fe45a96facf61ef96c5d",
                "shasum": ""
            },
            "require": {
                "php": ">=5.3.3"
            },
            "require-dev": {
                "phpunit/phpunit": "~4.0",
                "squizlabs/php_codesniffer": "~2.3"
            },
            "type": "library",
            "autoload": {
                "psr-4": {
                    "Qiniu\\": "src/Qiniu"
                },
                "files": [
                    "src/Qiniu/functions.php"
                ]
            },
            "notification-url": "https://packagist.org/downloads/",
            "license": [
                "MIT"
            ],
            "authors": [
                {
                    "name": "Qiniu",
                    "email": "sdk@qiniu.com",
                    "homepage": "http://www.qiniu.com"
                }
            ],
            "description": "Qiniu Resource (Cloud) Storage SDK for PHP",
            "homepage": "http://developer.qiniu.com/",
            "keywords": [
                "cloud",
                "qiniu",
                "sdk",
                "storage"
            ],
            "time": "2018-05-18T04:37:29+00:00"
        },
        {
            "name": "wtwei/alipay-sdk-php",
            "version": "v0.4",
            "source": {
                "type": "git",
                "url": "https://github.com/wtwei/alipay-sdk-php.git",
                "reference": "056b1fe6fd717a643729b68fab5b5bcaf34d77a4"
            },
            "dist": {
                "type": "zip",
                "url": "https://api.github.com/repos/wtwei/alipay-sdk-php/zipball/056b1fe6fd717a643729b68fab5b5bcaf34d77a4",
                "reference": "056b1fe6fd717a643729b68fab5b5bcaf34d77a4",
                "shasum": ""
            },
            "require": {
                "ext-curl": "*",
                "php": ">=5.5"
            },
            "type": "library",
            "autoload": {
                "psr-0": {
                    "alipay": "src/"
                },
                "files": [
                    "src/AopSdk.php"
                ]
            },
            "notification-url": "https://packagist.org/downloads/",
            "license": [
                "Apache"
            ],
            "authors": [
                {
                    "name": "Alipay demo",
                    "role": "Developer"
                }
            ],
            "description": "alipay php sdk",
            "time": "2017-10-30T04:54:24+00:00"
        }
    ],
    "packages-dev": [],
    "aliases": [],
    "minimum-stability": "stable",
    "stability-flags": {
        "firebase/php-jwt": 20,
        "erhuo/wxpay": 20,
        "hightman/xunsearch": 20
    },
    "prefer-stable": false,
    "prefer-lowest": false,
    "platform": [],
    "platform-dev": []
}
